
Microsoft Visual Studio Solution File, Format Version 12.00
# Visual Studio Version 17
VisualStudioVersion = 17.2.32505.173
MinimumVisualStudioVersion = 10.0.40219.1
Project("{FAE04EC0-301F-11D3-BF4B-00C04F79EFBC}") = "NovoReclameAcesso", "NovoReclameAcesso\NovoReclameAcesso.csproj", "{340893B5-522B-48EE-85F9-30C667A17547}"
EndProject
Global
	GlobalSection(SolutionConfigurationPlatforms) = preSolution
		Debug|Any CPU = Debug|Any CPU
		Release|Any CPU = Release|Any CPU
	EndGlobalSection
	GlobalSection(ProjectConfigurationPlatforms) = postSolution
		{340893B5-522B-48EE-85F9-30C667A17547}.Debug|Any CPU.ActiveCfg = Debug|Any CPU
		{340893B5-522B-48EE-85F9-30C667A17547}.Debug|Any CPU.Build.0 = Debug|Any CPU
		{340893B5-522B-48EE-85F9-30C667A17547}.Release|Any CPU.ActiveCfg = Release|Any CPU
		{340893B5-522B-48EE-85F9-30C667A17547}.Release|Any CPU.Build.0 = Release|Any CPU
	EndGlobalSection
	GlobalSection(SolutionProperties) = preSolution
		HideSolutionNode = FALSE
	EndGlobalSection
	GlobalSection(ExtensibilityGlobals) = postSolution
		SolutionGuid = {FF1B6EC2-73FE-4ED5-90F5-01D1F349D32B}
	EndGlobalSection
EndGlobal
